{
  "name": "@shd101wyy/mume",
  "version": "0.0.1",
  "lockfileVersion": 1,
  "dependencies": {
    "@types/node": {
      "version": "8.0.10",
      "resolved": "https://registry.npmjs.org/@types/node/-/node-8.0.10.tgz",
      "integrity": "sha512-ATKQAMGah+e3qNBVdJoCIJk3+RWBkPYtmlluGewO1+t/JmkXEoLnt/WDgHynfGvJyQWTKMq+N1az1E/5YASYGg==",
      "dev": true
    }
  }
}
